
Microsoft Visual Studio Solution File, Format Version 12.00
# Visual Studio Version 16
VisualStudioVersion = 16.0.31025.194
MinimumVisualStudioVersion = 10.0.40219.1
Project("{FAE04EC0-301F-11D3-BF4B-00C04F79EFBC}") = "JWT", "JWT.csproj", "{A55BA6B9-0C87-4F02-995E-E4892EA27AF7}"
EndProject
Global
	GlobalSection(SolutionConfigurationPlatforms) = preSolution
		Debug|Any CPU = Debug|Any CPU
		Release|Any CPU = Release|Any CPU
	EndGlobalSection
	GlobalSection(ProjectConfigurationPlatforms) = postSolution
		{A55BA6B9-0C87-4F02-995E-E4892EA27AF7}.Debug|Any CPU.ActiveCfg = Debug|Any CPU
		{A55BA6B9-0C87-4F02-995E-E4892EA27AF7}.Debug|Any CPU.Build.0 = Debug|Any CPU
		{A55BA6B9-0C87-4F02-995E-E4892EA27AF7}.Release|Any CPU.ActiveCfg = Release|Any CPU
		{A55BA6B9-0C87-4F02-995E-E4892EA27AF7}.Release|Any CPU.Build.0 = Release|Any CPU
	EndGlobalSection
	GlobalSection(SolutionProperties) = preSolution
		HideSolutionNode = FALSE
	EndGlobalSection
	GlobalSection(ExtensibilityGlobals) = postSolution
		SolutionGuid = {D9552796-E0DE-453F-8A7D-7D807BA74668}
	EndGlobalSection
EndGlobal
